
Microsoft Visual Studio Solution File, Format Version 12.00
# Visual Studio 15
VisualStudioVersion = 15.0.28307.329
MinimumVisualStudioVersion = 10.0.40219.1
Project("{A0786B88-2ADB-4C21-ABE8-AA2D79766269}") = "bazarproject", "..\..\..\xampp\htdocs\bazarproject\bazarproject\bazarproject.phpproj", "{5307C4DC-D5C2-4928-B885-C338E9B2CEFD}"
EndProject
Global
	GlobalSection(SolutionConfigurationPlatforms) = preSolution
		Debug|Any CPU = Debug|Any CPU
		Release|Any CPU = Release|Any CPU
	EndGlobalSection
	GlobalSection(ProjectConfigurationPlatforms) = postSolution
		{5307C4DC-D5C2-4928-B885-C338E9B2CEFD}.Debug|Any CPU.ActiveCfg = Debug|Any CPU
		{5307C4DC-D5C2-4928-B885-C338E9B2CEFD}.Release|Any CPU.ActiveCfg = Release|Any CPU
	EndGlobalSection
	GlobalSection(SolutionProperties) = preSolution
		HideSolutionNode = FALSE
	EndGlobalSection
	GlobalSection(ExtensibilityGlobals) = postSolution
		SolutionGuid = {45357819-DB8D-44FC-9969-A1CFC3BB30F5}
	EndGlobalSection
EndGlobal
